// !$*UTF8*$!
{
	archiveVersion = 1;
	classes = {
	};
	objectVersion = 56;
	objects = {

/* Begin PBXBuildFile section */
		040BCFFB2EA48D5300F7D5D9 /* TransactionView.swift in Sources */ = {isa = PBXBuildFile; fileRef = 040BCFFA2EA48D5300F7D5D9 /* TransactionView.swift */; };
		042B61142EA3E92A00D41ADC /* IncomeApp_SwiftUIApp.swift in Sources */ = {isa = PBXBuildFile; fileRef = 042B61132EA3E92A00D41ADC /* IncomeApp_SwiftUIApp.swift */; };
		042B61162EA3E92A00D41ADC /* HomeView.swift in Sources */ = {isa = PBXBuildFile; fileRef = 042B61152EA3E92A00D41ADC /* HomeView.swift */; };
		042B61182EA3E92E00D41ADC /* Assets.xcassets in Resources */ = {isa = PBXBuildFile; fileRef = 042B61172EA3E92E00D41ADC /* Assets.xcassets */; };
		042B611C2EA3E92E00D41ADC /* Preview Assets.xcassets in Resources */ = {isa = PBXBuildFile; fileRef = 042B611B2EA3E92E00D41ADC /* Preview Assets.xcassets */; };
		042B61242EA3E9BF00D41ADC /* TransactionModel.swift in Sources */ = {isa = PBXBuildFile; fileRef = 042B61232EA3E9BF00D41ADC /* TransactionModel.swift */; };
		042B61262EA3EA3400D41ADC /* TransactionType.swift in Sources */ = {isa = PBXBuildFile; fileRef = 042B61252EA3EA3400D41ADC /* TransactionType.swift */; };
		042B61282EA3F1DB00D41ADC /* Colors.xcassets in Resources */ = {isa = PBXBuildFile; fileRef = 042B61272EA3F1DB00D41ADC /* Colors.xcassets */; };
		04845A632EA4A6E600A3CDFE /* AddTransactionView.swift in Sources */ = {isa = PBXBuildFile; fileRef = 04845A622EA4A6E600A3CDFE /* AddTransactionView.swift */; };
		04845A892EA5528B00A3CDFE /* SettingVIew.swift in Sources */ = {isa = PBXBuildFile; fileRef = 04845A882EA5528B00A3CDFE /* SettingVIew.swift */; };
		04845A8B2EA552DA00A3CDFE /* CurrencyModel.swift in Sources */ = {isa = PBXBuildFile; fileRef = 04845A8A2EA552DA00A3CDFE /* CurrencyModel.swift */; };
/* End PBXBuildFile section */

/* Begin PBXFileReference section */
		040BCFFA2EA48D5300F7D5D9 /* TransactionView.swift */ = {isa = PBXFileReference; lastKnownFileType = sourcecode.swift; path = TransactionView.swift; sourceTree = "<group>"; };
		042B61102EA3E92A00D41ADC /* IncomeApp_SwiftUI.app */ = {isa = PBXFileReference; explicitFileType = wrapper.application; includeInIndex = 0; path = IncomeApp_SwiftUI.app; sourceTree = BUILT_PRODUCTS_DIR; };
		042B61132EA3E92A00D41ADC /* IncomeApp_SwiftUIApp.swift */ = {isa = PBXFileReference; lastKnownFileType = sourcecode.swift; path = IncomeApp_SwiftUIApp.swift; sourceTree = "<group>"; };
		042B61152EA3E92A00D41ADC /* HomeView.swift */ = {isa = PBXFileReference; lastKnownFileType = sourcecode.swift; path = HomeView.swift; sourceTree = "<group>"; };
		042B61172EA3E92E00D41ADC /* Assets.xcassets */ = {isa = PBXFileReference; lastKnownFileType = folder.assetcatalog; path = Assets.xcassets; sourceTree = "<group>"; };
		042B61192EA3E92E00D41ADC /* IncomeApp_SwiftUI.entitlements */ = {isa = PBXFileReference; lastKnownFileType = text.plist.entitlements; path = IncomeApp_SwiftUI.entitlements; sourceTree = "<group>"; };
		042B611B2EA3E92E00D41ADC /* Preview Assets.xcassets */ = {isa = PBXFileReference; lastKnownFileType = folder.assetcatalog; path = "Preview Assets.xcassets"; sourceTree = "<group>"; };
		042B61232EA3E9BF00D41ADC /* TransactionModel.swift */ = {isa = PBXFileReference; lastKnownFileType = sourcecode.swift; path = TransactionModel.swift; sourceTree = "<group>"; };
		042B61252EA3EA3400D41ADC /* TransactionType.swift */ = {isa = PBXFileReference; lastKnownFileType = sourcecode.swift; path = TransactionType.swift; sourceTree = "<group>"; };
		042B61272EA3F1DB00D41ADC /* Colors.xcassets */ = {isa = PBXFileReference; lastKnownFileType = folder.assetcatalog; path = Colors.xcassets; sourceTree = "<group>"; };
		04845A622EA4A6E600A3CDFE /* AddTransactionView.swift */ = {isa = PBXFileReference; lastKnownFileType = sourcecode.swift; path = AddTransactionView.swift; sourceTree = "<group>"; };
		04845A882EA5528B00A3CDFE /* SettingVIew.swift */ = {isa = PBXFileReference; lastKnownFileType = sourcecode.swift; path = SettingVIew.swift; sourceTree = "<group>"; };
		04845A8A2EA552DA00A3CDFE /* CurrencyModel.swift */ = {isa = PBXFileReference; lastKnownFileType = sourcecode.swift; path = CurrencyModel.swift; sourceTree = "<group>"; };
/* End PBXFileReference section */

/* Begin PBXFrameworksBuildPhase section */
		042B610D2EA3E92A00D41ADC /* Frameworks */ = {
			isa = PBXFrameworksBuildPhase;
			buildActionMask = 2147483647;
			files = (
			);
			runOnlyForDeploymentPostprocessing = 0;
		};
/* End PBXFrameworksBuildPhase section */

/* Begin PBXGroup section */
		042B61072EA3E92A00D41ADC = {
			isa = PBXGroup;
			children = (
				042B61122EA3E92A00D41ADC /* IncomeApp_SwiftUI */,
				042B61112EA3E92A00D41ADC /* Products */,
			);
			sourceTree = "<group>";
		};
		042B61112EA3E92A00D41ADC /* Products */ = {
			isa = PBXGroup;
			children = (
				042B61102EA3E92A00D41ADC /* IncomeApp_SwiftUI.app */,
			);
			name = Products;
			sourceTree = "<group>";
		};
		042B61122EA3E92A00D41ADC /* IncomeApp_SwiftUI */ = {
			isa = PBXGroup;
			children = (
				04845A642EA4BBBC00A3CDFE /* View */,
				042B61222EA3E9A600D41ADC /* Model */,
				042B61132EA3E92A00D41ADC /* IncomeApp_SwiftUIApp.swift */,
				042B61152EA3E92A00D41ADC /* HomeView.swift */,
				04845A882EA5528B00A3CDFE /* SettingVIew.swift */,
				04845A8A2EA552DA00A3CDFE /* CurrencyModel.swift */,
				042B61272EA3F1DB00D41ADC /* Colors.xcassets */,
				042B61172EA3E92E00D41ADC /* Assets.xcassets */,
				042B61192EA3E92E00D41ADC /* IncomeApp_SwiftUI.entitlements */,
				042B611A2EA3E92E00D41ADC /* Preview Content */,
			);
			path = IncomeApp_SwiftUI;
			sourceTree = "<group>";
		};
		042B611A2EA3E92E00D41ADC /* Preview Content */ = {
			isa = PBXGroup;
			children = (
				042B611B2EA3E92E00D41ADC /* Preview Assets.xcassets */,
			);
			path = "Preview Content";
			sourceTree = "<group>";
		};
		042B61222EA3E9A600D41ADC /* Model */ = {
			isa = PBXGroup;
			children = (
				042B61232EA3E9BF00D41ADC /* TransactionModel.swift */,
				042B61252EA3EA3400D41ADC /* TransactionType.swift */,
			);
			path = Model;
			sourceTree = "<group>";
		};
		04845A642EA4BBBC00A3CDFE /* View */ = {
			isa = PBXGroup;
			children = (
				04845A622EA4A6E600A3CDFE /* AddTransactionView.swift */,
				040BCFFA2EA48D5300F7D5D9 /* TransactionView.swift */,
			);
			path = View;
			sourceTree = "<group>";
		};
/* End PBXGroup section */

/* Begin PBXNativeTarget section */
		042B610F2EA3E92A00D41ADC /* IncomeApp_SwiftUI */ = {
			isa = PBXNativeTarget;
			buildConfigurationList = 042B611F2EA3E92E00D41ADC /* Build configuration list for PBXNativeTarget "IncomeApp_SwiftUI" */;
			buildPhases = (
				042B610C2EA3E92A00D41ADC /* Sources */,
				042B610D2EA3E92A00D41ADC /* Frameworks */,
				042B610E2EA3E92A00D41ADC /* Resources */,
			);
			buildRules = (
			);
			dependencies = (
			);
			name = IncomeApp_SwiftUI;
			productName = IncomeApp_SwiftUI;
			productReference = 042B61102EA3E92A00D41ADC /* IncomeApp_SwiftUI.app */;
			productType = "com.apple.product-type.application";
		};
/* End PBXNativeTarget section */

/* Begin PBXProject section */
		042B61082EA3E92A00D41ADC /* Project object */ = {
			isa = PBXProject;
			attributes = {
				BuildIndependentTargetsInParallel = 1;
				LastSwiftUpdateCheck = 1410;
				LastUpgradeCheck = 1410;
				TargetAttributes = {
					042B610F2EA3E92A00D41ADC = {
						CreatedOnToolsVersion = 14.1;
					};
				};
			};
			buildConfigurationList = 042B610B2EA3E92A00D41ADC /* Build configuration list for PBXProject "IncomeApp_SwiftUI" */;
			compatibilityVersion = "Xcode 14.0";
			developmentRegion = en;
			hasScannedForEncodings = 0;
			knownRegions = (
				en,
				Base,
			);
			mainGroup = 042B61072EA3E92A00D41ADC;
			productRefGroup = 042B61112EA3E92A00D41ADC /* Products */;
			projectDirPath = "";
			projectRoot = "";
			targets = (
				042B610F2EA3E92A00D41ADC /* IncomeApp_SwiftUI */,
			);
		};
/* End PBXProject section */

/* Begin PBXResourcesBuildPhase section */
		042B610E2EA3E92A00D41ADC /* Resources */ = {
			isa = PBXResourcesBuildPhase;
			buildActionMask = 2147483647;
			files = (
				042B61282EA3F1DB00D41ADC /* Colors.xcassets in Resources */,
				042B611C2EA3E92E00D41ADC /* Preview Assets.xcassets in Resources */,
				042B61182EA3E92E00D41ADC /* Assets.xcassets in Resources */,
			);
			runOnlyForDeploymentPostprocessing = 0;
		};
/* End PBXResourcesBuildPhase section */

/* Begin PBXSourcesBuildPhase section */
		042B610C2EA3E92A00D41ADC /* Sources */ = {
			isa = PBXSourcesBuildPhase;
			buildActionMask = 2147483647;
			files = (
				042B61262EA3EA3400D41ADC /* TransactionType.swift in Sources */,
				042B61242EA3E9BF00D41ADC /* TransactionModel.swift in Sources */,
				04845A8B2EA552DA00A3CDFE /* CurrencyModel.swift in Sources */,
				040BCFFB2EA48D5300F7D5D9 /* TransactionView.swift in Sources */,
				04845A632EA4A6E600A3CDFE /* AddTransactionView.swift in Sources */,
				042B61162EA3E92A00D41ADC /* HomeView.swift in Sources */,
				04845A892EA5528B00A3CDFE /* SettingVIew.swift in Sources */,
				042B61142EA3E92A00D41ADC /* IncomeApp_SwiftUIApp.swift in Sources */,
			);
			runOnlyForDeploymentPostprocessing = 0;
		};
/* End PBXSourcesBuildPhase section */

/* Begin XCBuildConfiguration section */
		042B611D2EA3E92E00D41ADC /* Debug */ = {
			isa = XCBuildConfiguration;
			buildSettings = {
				ALWAYS_SEARCH_USER_PATHS = NO;
				CLANG_ANALYZER_NONNULL = YES;
				CLANG_ANALYZER_NUMBER_OBJECT_CONVERSION = YES_AGGRESSIVE;
				CLANG_CXX_LANGUAGE_STANDARD = "gnu++20";
				CLANG_ENABLE_MODULES = YES;
				CLANG_ENABLE_OBJC_ARC = YES;
				CLANG_ENABLE_OBJC_WEAK = YES;
				CLANG_WARN_BLOCK_CAPTURE_AUTORELEASING = YES;
				CLANG_WARN_BOOL_CONVERSION = YES;
				CLANG_WARN_COMMA = YES;
				CLANG_WARN_CONSTANT_CONVERSION = YES;
				CLANG_WARN_DEPRECATED_OBJC_IMPLEMENTATIONS = YES;
				CLANG_WARN_DIRECT_OBJC_ISA_USAGE = YES_ERROR;
				CLANG_WARN_DOCUMENTATION_COMMENTS = YES;
				CLANG_WARN_EMPTY_BODY = YES;
				CLANG_WARN_ENUM_CONVERSION = YES;
				CLANG_WARN_INFINITE_RECURSION = YES;
				CLANG_WARN_INT_CONVERSION = YES;
				CLANG_WARN_NON_LITERAL_NULL_CONVERSION = YES;
				CLANG_WARN_OBJC_IMPLICIT_RETAIN_SELF = YES;
				CLANG_WARN_OBJC_LITERAL_CONVERSION = YES;
				CLANG_WARN_OBJC_ROOT_CLASS = YES_ERROR;
				CLANG_WARN_QUOTED_INCLUDE_IN_FRAMEWORK_HEADER = YES;
				CLANG_WARN_RANGE_LOOP_ANALYSIS = YES;
				CLANG_WARN_STRICT_PROTOTYPES = YES;
				CLANG_WARN_SUSPICIOUS_MOVE = YES;
				CLANG_WARN_UNGUARDED_AVAILABILITY = YES_AGGRESSIVE;
				CLANG_WARN_UNREACHABLE_CODE = YES;
				CLANG_WARN__DUPLICATE_METHOD_MATCH = YES;
				COPY_PHASE_STRIP = NO;
				DEBUG_INFORMATION_FORMAT = dwarf;
				ENABLE_STRICT_OBJC_MSGSEND = YES;
				ENABLE_TESTABILITY = YES;
				GCC_C_LANGUAGE_STANDARD = gnu11;
				GCC_DYNAMIC_NO_PIC = NO;
				GCC_NO_COMMON_BLOCKS = YES;
				GCC_OPTIMIZATION_LEVEL = 0;
				GCC_PREPROCESSOR_DEFINITIONS = (
					"DEBUG=1",
					"$(inherited)",
				);
				GCC_WARN_64_TO_32_BIT_CONVERSION = YES;
				GCC_WARN_ABOUT_RETURN_TYPE = YES_ERROR;
				GCC_WARN_UNDECLARED_SELECTOR = YES;
				GCC_WARN_UNINITIALIZED_AUTOS = YES_AGGRESSIVE;
				GCC_WARN_UNUSED_FUNCTION = YES;
				GCC_WARN_UNUSED_VARIABLE = YES;
				MTL_ENABLE_DEBUG_INFO = INCLUDE_SOURCE;
				MTL_FAST_MATH = YES;
				ONLY_ACTIVE_ARCH = YES;
				SWIFT_ACTIVE_COMPILATION_CONDITIONS = DEBUG;
				SWIFT_OPTIMIZATION_LEVEL = "-Onone";
			};
			name = Debug;
		};
		042B611E2EA3E92E00D41ADC /* Release */ = {
			isa = XCBuildConfiguration;
			buildSettings = {
				ALWAYS_SEARCH_USER_PATHS = NO;
				CLANG_ANALYZER_NONNULL = YES;
				CLANG_ANALYZER_NUMBER_OBJECT_CONVERSION = YES_AGGRESSIVE;
				CLANG_CXX_LANGUAGE_STANDARD = "gnu++20";
				CLANG_ENABLE_MODULES = YES;
				CLANG_ENABLE_OBJC_ARC = YES;
				CLANG_ENABLE_OBJC_WEAK = YES;
				CLANG_WARN_BLOCK_CAPTURE_AUTORELEASING = YES;
				CLANG_WARN_BOOL_CONVERSION = YES;
				CLANG_WARN_COMMA = YES;
				CLANG_WARN_CONSTANT_CONVERSION = YES;
				CLANG_WARN_DEPRECATED_OBJC_IMPLEMENTATIONS = YES;
				CLANG_WARN_DIRECT_OBJC_ISA_USAGE = YES_ERROR;
				CLANG_WARN_DOCUMENTATION_COMMENTS = YES;
				CLANG_WARN_EMPTY_BODY = YES;
				CLANG_WARN_ENUM_CONVERSION = YES;
				CLANG_WARN_INFINITE_RECURSION = YES;
				CLANG_WARN_INT_CONVERSION = YES;
				CLANG_WARN_NON_LITERAL_NULL_CONVERSION = YES;
				CLANG_WARN_OBJC_IMPLICIT_RETAIN_SELF = YES;
				CLANG_WARN_OBJC_LITERAL_CONVERSION = YES;
				CLANG_WARN_OBJC_ROOT_CLASS = YES_ERROR;
				CLANG_WARN_QUOTED_INCLUDE_IN_FRAMEWORK_HEADER = YES;
				CLANG_WARN_RANGE_LOOP_ANALYSIS = YES;
				CLANG_WARN_STRICT_PROTOTYPES = YES;
				CLANG_WARN_SUSPICIOUS_MOVE = YES;
				CLANG_WARN_UNGUARDED_AVAILABILITY = YES_AGGRESSIVE;
				CLANG_WARN_UNREACHABLE_CODE = YES;
				CLANG_WARN__DUPLICATE_METHOD_MATCH = YES;
				COPY_PHASE_STRIP = NO;
				DEBUG_INFORMATION_FORMAT = "dwarf-with-dsym";
				ENABLE_NS_ASSERTIONS = NO;
				ENABLE_STRICT_OBJC_MSGSEND = YES;
				GCC_C_LANGUAGE_STANDARD = gnu11;
				GCC_NO_COMMON_BLOCKS = YES;
				GCC_WARN_64_TO_32_BIT_CONVERSION = YES;
				GCC_WARN_ABOUT_RETURN_TYPE = YES_ERROR;
				GCC_WARN_UNDECLARED_SELECTOR = YES;
				GCC_WARN_UNINITIALIZED_AUTOS = YES_AGGRESSIVE;
				GCC_WARN_UNUSED_FUNCTION = YES;
				GCC_WARN_UNUSED_VARIABLE = YES;
				MTL_ENABLE_DEBUG_INFO = NO;
				MTL_FAST_MATH = YES;
				SWIFT_COMPILATION_MODE = wholemodule;
				SWIFT_OPTIMIZATION_LEVEL = "-O";
			};
			name = Release;
		};
		042B61202EA3E92E00D41ADC /* Debug */ = {
			isa = XCBuildConfiguration;
			buildSettings = {
				ASSETCATALOG_COMPILER_APPICON_NAME = AppIcon;
				ASSETCATALOG_COMPILER_GLOBAL_ACCENT_COLOR_NAME = AccentColor;
				CODE_SIGN_ENTITLEMENTS = IncomeApp_SwiftUI/IncomeApp_SwiftUI.entitlements;
				CODE_SIGN_STYLE = Automatic;
				CURRENT_PROJECT_VERSION = 1;
				DEVELOPMENT_ASSET_PATHS = "\"IncomeApp_SwiftUI/Preview Content\"";
				ENABLE_PREVIEWS = YES;
				GENERATE_INFOPLIST_FILE = YES;
				"INFOPLIST_KEY_UIApplicationSceneManifest_Generation[sdk=iphoneos*]" = YES;
				"INFOPLIST_KEY_UIApplicationSceneManifest_Generation[sdk=iphonesimulator*]" = YES;
				"INFOPLIST_KEY_UIApplicationSupportsIndirectInputEvents[sdk=iphoneos*]" = YES;
				"INFOPLIST_KEY_UIApplicationSupportsIndirectInputEvents[sdk=iphonesimulator*]" = YES;
				"INFOPLIST_KEY_UILaunchScreen_Generation[sdk=iphoneos*]" = YES;
				"INFOPLIST_KEY_UILaunchScreen_Generation[sdk=iphonesimulator*]" = YES;
				"INFOPLIST_KEY_UIStatusBarStyle[sdk=iphoneos*]" = UIStatusBarStyleDefault;
				"INFOPLIST_KEY_UIStatusBarStyle[sdk=iphonesimulator*]" = UIStatusBarStyleDefault;
				INFOPLIST_KEY_UISupportedInterfaceOrientations_iPad = "UIInterfaceOrientationPortrait UIInterfaceOrientationPortraitUpsideDown UIInterfaceOrientationLandscapeLeft UIInterfaceOrientationLandscapeRight";
				INFOPLIST_KEY_UISupportedInterfaceOrientations_iPhone = "UIInterfaceOrientationPortrait UIInterfaceOrientationLandscapeLeft UIInterfaceOrientationLandscapeRight";
				IPHONEOS_DEPLOYMENT_TARGET = 16.1;
				LD_RUNPATH_SEARCH_PATHS = "@executable_path/Frameworks";
				"LD_RUNPATH_SEARCH_PATHS[sdk=macosx*]" = "@executable_path/../Frameworks";
				MACOSX_DEPLOYMENT_TARGET = 13.0;
				MARKETING_VERSION = 1.0;
				PRODUCT_BUNDLE_IDENTIFIER = "bb.com.IncomeApp-SwiftUI";
				PRODUCT_NAME = "$(TARGET_NAME)";
				SDKROOT = auto;
				SUPPORTED_PLATFORMS = "iphoneos iphonesimulator macosx";
				SWIFT_EMIT_LOC_STRINGS = YES;
				SWIFT_VERSION = 5.0;
				TARGETED_DEVICE_FAMILY = "1,2";
			};
			name = Debug;
		};
		042B61212EA3E92E00D41ADC /* Release */ = {
			isa = XCBuildConfiguration;
			buildSettings = {
				ASSETCATALOG_COMPILER_APPICON_NAME = AppIcon;
				ASSETCATALOG_COMPILER_GLOBAL_ACCENT_COLOR_NAME = AccentColor;
				CODE_SIGN_ENTITLEMENTS = IncomeApp_SwiftUI/IncomeApp_SwiftUI.entitlements;
				CODE_SIGN_STYLE = Automatic;
				CURRENT_PROJECT_VERSION = 1;
				DEVELOPMENT_ASSET_PATHS = "\"IncomeApp_SwiftUI/Preview Content\"";
				ENABLE_PREVIEWS = YES;
				GENERATE_INFOPLIST_FILE = YES;
				"INFOPLIST_KEY_UIApplicationSceneManifest_Generation[sdk=iphoneos*]" = YES;
				"INFOPLIST_KEY_UIApplicationSceneManifest_Generation[sdk=iphonesimulator*]" = YES;
				"INFOPLIST_KEY_UIApplicationSupportsIndirectInputEvents[sdk=iphoneos*]" = YES;
				"INFOPLIST_KEY_UIApplicationSupportsIndirectInputEvents[sdk=iphonesimulator*]" = YES;
				"INFOPLIST_KEY_UILaunchScreen_Generation[sdk=iphoneos*]" = YES;
				"INFOPLIST_KEY_UILaunchScreen_Generation[sdk=iphonesimulator*]" = YES;
				"INFOPLIST_KEY_UIStatusBarStyle[sdk=iphoneos*]" = UIStatusBarStyleDefault;
				"INFOPLIST_KEY_UIStatusBarStyle[sdk=iphonesimulator*]" = UIStatusBarStyleDefault;
				INFOPLIST_KEY_UISupportedInterfaceOrientations_iPad = "UIInterfaceOrientationPortrait UIInterfaceOrientationPortraitUpsideDown UIInterfaceOrientationLandscapeLeft UIInterfaceOrientationLandscapeRight";
				INFOPLIST_KEY_UISupportedInterfaceOrientations_iPhone = "UIInterfaceOrientationPortrait UIInterfaceOrientationLandscapeLeft UIInterfaceOrientationLandscapeRight";
				IPHONEOS_DEPLOYMENT_TARGET = 16.1;
				LD_RUNPATH_SEARCH_PATHS = "@executable_path/Frameworks";
				"LD_RUNPATH_SEARCH_PATHS[sdk=macosx*]" = "@executable_path/../Frameworks";
				MACOSX_DEPLOYMENT_TARGET = 13.0;
				MARKETING_VERSION = 1.0;
				PRODUCT_BUNDLE_IDENTIFIER = "bb.com.IncomeApp-SwiftUI";
				PRODUCT_NAME = "$(TARGET_NAME)";
				SDKROOT = auto;
				SUPPORTED_PLATFORMS = "iphoneos iphonesimulator macosx";
				SWIFT_EMIT_LOC_STRINGS = YES;
				SWIFT_VERSION = 5.0;
				TARGETED_DEVICE_FAMILY = "1,2";
			};
			name = Release;
		};
/* End XCBuildConfiguration section */

/* Begin XCConfigurationList section */
		042B610B2EA3E92A00D41ADC /* Build configuration list for PBXProject "IncomeApp_SwiftUI" */ = {
			isa = XCConfigurationList;
			buildConfigurations = (
				042B611D2EA3E92E00D41ADC /* Debug */,
				042B611E2EA3E92E00D41ADC /* Release */,
			);
			defaultConfigurationIsVisible = 0;
			defaultConfigurationName = Release;
		};
		042B611F2EA3E92E00D41ADC /* Build configuration list for PBXNativeTarget "IncomeApp_SwiftUI" */ = {
			isa = XCConfigurationList;
			buildConfigurations = (
				042B61202EA3E92E00D41ADC /* Debug */,
				042B61212EA3E92E00D41ADC /* Release */,
			);
			defaultConfigurationIsVisible = 0;
			defaultConfigurationName = Release;
		};
/* End XCConfigurationList section */
	};
	rootObject = 042B61082EA3E92A00D41ADC /* Project object */;
}
